PODS:
  - Alamofire (4.9.1)
  - FLAnimatedImage (1.0.12)
  - Nuke (8.4.1)
  - Nuke-FLAnimatedImage-Plugin (6.2):
    - FLAnimatedImage (~> 1.0)
    - Nuke (~> 8.0)
  - SnapKit (5.0.1)

DEPENDENCIES:
  - Alamofire
  - Nuke
  - Nuke-FLAnimatedImage-Plugin
  - SnapKit

SPEC REPOS:
  trunk:
    - Alamofire
    - FLAnimatedImage
    - Nuke
    - Nuke-FLAnimatedImage-Plugin
    - SnapKit

SPEC CHECKSUMS:
  Alamofire: 85e8a02c69d6020a0d734f6054870d7ecb75cf18
  FLAnimatedImage: 4a0b56255d9b05f18b6dd7ee06871be5d3b89e31
  Nuke: d780e3507a86b86c589ab3cc5cd302d5456f06fb
  Nuke-FLAnimatedImage-Plugin: c6e8f6cffd57659953a149ff1682370b9040d09d
  SnapKit: 97b92857e3df3a0c71833cce143274bf6ef8e5eb

PODFILE CHECKSUM: 71abb9cb1abed76218e58a8ada6436dc0d4d5983

COCOAPODS: 1.8.4
